dependencies:
- name: common
  repository: https://charts.bitnami.com/bitnami
  version: 1.10.0
- name: kibana
  repository: https://charts.bitnami.com/bitnami
  version: 9.0.6
digest: sha256:6f08f528987d6395dd9dee854796cc7f636bd0ed447e25b6cfbcccc498025634
generated: "2021-10-07T18:19:57.820917+05:30"
