dependencies:
- name: common
  repository: https://raw.githubusercontent.com/bitnami/charts/archive-full-index/bitnami
  version: 1.17.1
- name: zookeeper
  repository: https://raw.githubusercontent.com/bitnami/charts/archive-full-index/bitnami
  version: 6.10.0
digest: sha256:c1719822f8715725d0e0a4c18b6f943cd5ffbba988d5ae51e2ec5e8463bdfef8
generated: "2022-09-20T12:47:51.975198+05:30"
